# THIS IS AN AUTOGENERATED FILE. DO NOT EDIT THIS FILE DIRECTLY.
# yarn lockfile v1


jschardet@2.1.1:
  version "2.1.1"
  resolved "https://registry.yarnpkg.com/jschardet/-/jschardet-2.1.1.tgz#af6f8fd0b3b0f5d46a8fd9614a4fce490575c184"
  integrity sha512-pA5qG9Zwm8CBpGlK/lo2GE9jPxwqRgMV7Lzc/1iaPccw6v4Rhj8Zg2BTyrdmHmxlJojnbLupLeRnaPLsq03x6Q==
